
Microsoft Visual Studio Solution File, Format Version 12.00
# Visual Studio Version 16
VisualStudioVersion = 16.0.29827.131
MinimumVisualStudioVersion = 10.0.40219.1
Project("{FAE04EC0-301F-11D3-BF4B-00C04F79EFBC}") = "WordAddInDPScalingDemoProject", "WordAddInDPScalingDemoProject\WordAddInDPScalingDemoProject.csproj", "{6A414997-78BB-4BE8-91A8-D3EC443114F6}"
EndProject
Global
	GlobalSection(SolutionConfigurationPlatforms) = preSolution
		Debug|Any CPU = Debug|Any CPU
		Release|Any CPU = Release|Any CPU
	EndGlobalSection
	GlobalSection(ProjectConfigurationPlatforms) = postSolution
		{6A414997-78BB-4BE8-91A8-D3EC443114F6}.Debug|Any CPU.ActiveCfg = Debug|Any CPU
		{6A414997-78BB-4BE8-91A8-D3EC443114F6}.Debug|Any CPU.Build.0 = Debug|Any CPU
		{6A414997-78BB-4BE8-91A8-D3EC443114F6}.Release|Any CPU.ActiveCfg = Release|Any CPU
		{6A414997-78BB-4BE8-91A8-D3EC443114F6}.Release|Any CPU.Build.0 = Release|Any CPU
	EndGlobalSection
	GlobalSection(SolutionProperties) = preSolution
		HideSolutionNode = FALSE
	EndGlobalSection
	GlobalSection(ExtensibilityGlobals) = postSolution
		SolutionGuid = {C9706F2B-A78D-4742-8E54-D1431C6FDB35}
	EndGlobalSection
EndGlobal
